{
  "nodes": {
    "nixpkgs": {
      "locked": {
        "lastModified": 1775036866,
        "narHash": "sha256-ZojAnPuCdy657PbTq5V0Y+AHKhZAIwSIT2cb8UgAz/U=",
        "owner": "NixOS",
        "repo": "nixpkgs",
        "rev": "6201e203d09599479a3b3450ed24fa81537ebc4e",
        "type": "github"
      },
      "original": {
        "owner": "NixOS",
        "ref": "nixos-unstable",
        "repo": "nixpkgs",
        "type": "github"
      }
    },
    "root": {
      "inputs": {
        "nixpkgs": "nixpkgs",
        "wqparallel": "wqparallel"
      }
    },
    "wqparallel": {
      "inputs": {
        "nixpkgs": [
          "nixpkgs"
        ]
      },
      "locked": {
        "lastModified": 1775245080,
        "narHash": "sha256-nC/JBp5teUTC/O01IQMxd7UuvSgeO+HPxXVDftNTiZo=",
        "owner": "weqeqq",
        "repo": "wqparallel",
        "rev": "a1528d22f9fb319b855e0ebe3d2527fc764217ef",
        "type": "github"
      },
      "original": {
        "owner": "weqeqq",
        "repo": "wqparallel",
        "type": "github"
      }
    }
  },
  "root": "root",
  "version": 7
}
